# Generated by pub
# See https://dart.dev/tools/pub/glossary#lockfile
packages:
  characters:
    dependency: transitive
    description:
      name: characters
      sha256: f71061c654a3380576a52b451dd5532377954cf9dbd272a78fc8479606670803
      url: "https://pub.dev"
    source: hosted
    version: "1.4.0"
  collection:
    dependency: transitive
    description:
      name: collection
      sha256: "2f5709ae4d3d59dd8f7cd309b4e023046b57d8a6c82130785d2b0e5868084e76"
      url: "https://pub.dev"
    source: hosted
    version: "1.19.1"
  flutter:
    dependency: transitive
    description: flutter
    source: sdk
    version: "0.0.0"
  material_color_utilities:
    dependency: transitive
    description:
      name: material_color_utilities
      sha256: f7142bb1154231d7ea5f96bc7bde4bda2a0945d2806bb11670e30b850d56bdec
      url: "https://pub.dev"
    source: hosted
    version: "0.11.1"
  meta:
    dependency: transitive
    description:
      name: meta
      sha256: e3641ec5d63ebf0d9b41bd43201a66e3fc79a65db5f61fc181f04cd27aab950c
      url: "https://pub.dev"
    source: hosted
    version: "1.16.0"
  path:
    dependency: transitive
    description:
      name: path
      sha256: db9d4f58c908a4ba5953fcee2ae317c94889433e5024c27ce74a37f94267945b
      url: "https://pub.dev"
    source: hosted
    version: "1.8.2"
  platform:
    dependency: transitive
    description:
      name: platform
      sha256: "5d6b1b0036a5f331ebc77c850ebc8506cbc1e9416c27e59b439f917a902a4984"
      url: "https://pub.dev"
    source: hosted
    version: "3.1.6"
  plugin_platform_interface:
    dependency: transitive
    description:
      name: plugin_platform_interface
      sha256: "4820fbfdb9478b1ebae27888254d445073732dae3d6ea81f0b7e06d5dedc3f02"
      url: "https://pub.dev"
    source: hosted
    version: "2.1.8"
  sky_engine:
    dependency: transitive
    description: flutter
    source: sdk
    version: "0.0.0"
  sqflite:
    dependency: "direct main"
    description:
      name: sqflite
      sha256: e2297b1da52f127bc7a3da11439985d9b536f75070f3325e62ada69a5c585d03
      url: "https://pub.dev"
    source: hosted
    version: "2.4.2"
  sqflite_android:
    dependency: transitive
    description:
      name: sqflite_android
      sha256: ecd684501ebc2ae9a83536e8b15731642b9570dc8623e0073d227d0ee2bfea88
      url: "https://pub.dev"
    source: hosted
    version: "2.4.2+2"
  sqflite_common:
    dependency: transitive
    description:
      name: sqflite_common
      sha256: "6ef422a4525ecc601db6c0a2233ff448c731307906e92cabc9ba292afaae16a6"
      url: "https://pub.dev"
    source: hosted
    version: "2.5.6"
  sqflite_darwin:
    dependency: transitive
    description:
      name: sqflite_darwin
      sha256: "279832e5cde3fe99e8571879498c9211f3ca6391b0d818df4e17d9fff5c6ccb3"
      url: "https://pub.dev"
    source: hosted
    version: "2.4.2"
  sqflite_platform_interface:
    dependency: transitive
    description:
      name: sqflite_platform_interface
      sha256: "8dd4515c7bdcae0a785b0062859336de775e8c65db81ae33dd5445f35be61920"
      url: "https://pub.dev"
    source: hosted
    version: "2.4.0"
  synchronized:
    dependency: transitive
    description:
      name: synchronized
      sha256: a7f0790927c0806ae0d5eb061c713748fa6070ef0037e391a2d53c3844c09dc2
      url: "https://pub.dev"
    source: hosted
    version: "3.0.0+2"
  vector_math:
    dependency: transitive
    description:
      name: vector_math
      sha256: d530bd74fea330e6e364cda7a85019c434070188383e1cd8d9777ee586914c5b
      url: "https://pub.dev"
    source: hosted
    version: "2.2.0"
sdks:
  dart: ">=3.9.0 <4.0.0"
  flutter: ">=3.24.0"
